
Microsoft Visual Studio Solution File, Format Version 12.00
# Visual Studio Version 17
VisualStudioVersion = 17.2.32505.173
MinimumVisualStudioVersion = 10.0.40219.1
Project("{9A19103F-16F7-4668-BE54-9A1E7A4F7556}") = "WinFormsApp1", "WinFormsApp1\WinFormsApp1.csproj", "{7A285840-C7DC-4556-A16C-9903B6EEF9F1}"
EndProject
Project("{911E67C6-3D85-4FCE-B560-20A9C3E3FF48}") = "Forza-Mods-AIO", "..\..\Downloads\Forza-Mods-AIO.exe", "{D793705B-1C62-41DD-8CA4-986814128A29}"
	ProjectSection(DebuggerProjectSystem) = preProject
		PortSupplier = 00000000-0000-0000-0000-000000000000
		Executable = C:\Users\miran\Downloads\Forza-Mods-AIO.exe
		RemoteMachine = DESKTOP-RLEIBO3
		StartingDirectory = C:\Users\miran\Downloads
		Environment = Default
		LaunchingEngine = 00000000-0000-0000-0000-000000000000
		UseLegacyDebugEngines = No
		LaunchSQLEngine = No
		AttachLaunchAction = No
		IORedirection = Auto
	EndProjectSection
EndProject
Global
	GlobalSection(SolutionConfigurationPlatforms) = preSolution
		Debug|Any CPU = Debug|Any CPU
		Debug|x64 = Debug|x64
		Release|Any CPU = Release|Any CPU
		Release|x64 = Release|x64
	EndGlobalSection
	GlobalSection(ProjectConfigurationPlatforms) = postSolution
		{7A285840-C7DC-4556-A16C-9903B6EEF9F1}.Debug|Any CPU.ActiveCfg = Debug|Any CPU
		{7A285840-C7DC-4556-A16C-9903B6EEF9F1}.Debug|Any CPU.Build.0 = Debug|Any CPU
		{7A285840-C7DC-4556-A16C-9903B6EEF9F1}.Debug|x64.ActiveCfg = Debug|Any CPU
		{7A285840-C7DC-4556-A16C-9903B6EEF9F1}.Debug|x64.Build.0 = Debug|Any CPU
		{7A285840-C7DC-4556-A16C-9903B6EEF9F1}.Release|Any CPU.ActiveCfg = Release|Any CPU
		{7A285840-C7DC-4556-A16C-9903B6EEF9F1}.Release|Any CPU.Build.0 = Release|Any CPU
		{7A285840-C7DC-4556-A16C-9903B6EEF9F1}.Release|x64.ActiveCfg = Release|Any CPU
		{7A285840-C7DC-4556-A16C-9903B6EEF9F1}.Release|x64.Build.0 = Release|Any CPU
		{D793705B-1C62-41DD-8CA4-986814128A29}.Debug|Any CPU.ActiveCfg = Release|x64
		{D793705B-1C62-41DD-8CA4-986814128A29}.Debug|x64.ActiveCfg = Release|x64
		{D793705B-1C62-41DD-8CA4-986814128A29}.Release|Any CPU.ActiveCfg = Release|x64
		{D793705B-1C62-41DD-8CA4-986814128A29}.Release|x64.ActiveCfg = Release|x64
	EndGlobalSection
	GlobalSection(SolutionProperties) = preSolution
		HideSolutionNode = FALSE
	EndGlobalSection
	GlobalSection(ExtensibilityGlobals) = postSolution
		SolutionGuid = {CA7BBA9D-A2B8-436E-BC9B-D6385F54EDD4}
	EndGlobalSection
EndGlobal
